// !$*UTF8*$!
{
	archiveVersion = 1;
	classes = {
	};
	objectVersion = 77;
	objects = {

/* Begin PBXBuildFile section */
		7AC87E0707AAEDEF685EA225 /* libPods-Module.a in Frameworks */ = {isa = PBXBuildFile; fileRef = 51BE6EC79B5A8FC3535FC06F /* libPods-Module.a */; };
/* End PBXBuildFile section */

/* Begin PBXContainerItemProxy section */
		2918DDCB2D884A4300F24DF6 /* PBXContainerItemProxy */ = {
			isa = PBXContainerItemProxy;
			containerPortal = 2918DDAC2D884A4200F24DF6 /* Project object */;
			proxyType = 1;
			remoteGlobalIDString = 2918DDB32D884A4200F24DF6;
			remoteInfo = Module;
		};
		2918DDD52D884A4300F24DF6 /* PBXContainerItemProxy */ = {
			isa = PBXContainerItemProxy;
			containerPortal = 2918DDAC2D884A4200F24DF6 /* Project object */;
			proxyType = 1;
			remoteGlobalIDString = 2918DDB32D884A4200F24DF6;
			remoteInfo = Module;
		};
/* End PBXContainerItemProxy section */

/* Begin PBXFileReference section */
		0B310A81AFA40BBB40D87DD2 /* Pods-Module.debug.xcconfig */ = {isa = PBXFileReference; includeInIndex = 1; lastKnownFileType = text.xcconfig; name = "Pods-Module.debug.xcconfig"; path = "Target Support Files/Pods-Module/Pods-Module.debug.xcconfig"; sourceTree = "<group>"; };
		2918DDB42D884A4200F24DF6 /* Module.app */ = {isa = PBXFileReference; explicitFileType = wrapper.application; includeInIndex = 0; path = Module.app; sourceTree = BUILT_PRODUCTS_DIR; };
		2918DDCA2D884A4300F24DF6 /* ModuleTests.xctest */ = {isa = PBXFileReference; explicitFileType = wrapper.cfbundle; includeInIndex = 0; path = ModuleTests.xctest; sourceTree = BUILT_PRODUCTS_DIR; };
		2918DDD42D884A4300F24DF6 /* ModuleUITests.xctest */ = {isa = PBXFileReference; explicitFileType = wrapper.cfbundle; includeInIndex = 0; path = ModuleUITests.xctest; sourceTree = BUILT_PRODUCTS_DIR; };
		2918DEED2D89B43900F24DF6 /* Module-Bridging-Header.h */ = {isa = PBXFileReference; lastKnownFileType = sourcecode.c.h; path = "Module-Bridging-Header.h"; sourceTree = "<group>"; };
		51BE6EC79B5A8FC3535FC06F /* libPods-Module.a */ = {isa = PBXFileReference; explicitFileType = archive.ar; includeInIndex = 0; path = "libPods-Module.a"; sourceTree = BUILT_PRODUCTS_DIR; };
		EEA9121E03D0BCE32C95BDEB /* Pods-Module.release.xcconfig */ = {isa = PBXFileReference; includeInIndex = 1; lastKnownFileType = text.xcconfig; name = "Pods-Module.release.xcconfig"; path = "Target Support Files/Pods-Module/Pods-Module.release.xcconfig"; sourceTree = "<group>"; };
/* End PBXFileReference section */

/* Begin PBXFileSystemSynchronizedBuildFileExceptionSet section */
		2918DDDC2D884A4300F24DF6 /* Exceptions for "Module" folder in "Module" target */ = {
			isa = PBXFileSystemSynchronizedBuildFileExceptionSet;
			membershipExceptions = (
				Info.plist,
			);
			target = 2918DDB32D884A4200F24DF6 /* Module */;
		};
/* End PBXFileSystemSynchronizedBuildFileExceptionSet section */

/* Begin PBXFileSystemSynchronizedRootGroup section */
		2918DDB62D884A4200F24DF6 /* Module */ = {
			isa = PBXFileSystemSynchronizedRootGroup;
			exceptions = (
				2918DDDC2D884A4300F24DF6 /* Exceptions for "Module" folder in "Module" target */,
			);
			path = Module;
			sourceTree = "<group>";
		};
		2918DDCD2D884A4300F24DF6 /* ModuleTests */ = {
			isa = PBXFileSystemSynchronizedRootGroup;
			path = ModuleTests;
			sourceTree = "<group>";
		};
		2918DDD72D884A4300F24DF6 /* ModuleUITests */ = {
			isa = PBXFileSystemSynchronizedRootGroup;
			path = ModuleUITests;
			sourceTree = "<group>";
		};
/* End PBXFileSystemSynchronizedRootGroup section */

/* Begin PBXFrameworksBuildPhase section */
		2918DDB12D884A4200F24DF6 /* Frameworks */ = {
			isa = PBXFrameworksBuildPhase;
			buildActionMask = 2147483647;
			files = (
				7AC87E0707AAEDEF685EA225 /* libPods-Module.a in Frameworks */,
			);
			runOnlyForDeploymentPostprocessing = 0;
		};
		2918DDC72D884A4300F24DF6 /* Frameworks */ = {
			isa = PBXFrameworksBuildPhase;
			buildActionMask = 2147483647;
			files = (
			);
			runOnlyForDeploymentPostprocessing = 0;
		};
		2918DDD12D884A4300F24DF6 /* Frameworks */ = {
			isa = PBXFrameworksBuildPhase;
			buildActionMask = 2147483647;
			files = (
			);
			runOnlyForDeploymentPostprocessing = 0;
		};
/* End PBXFrameworksBuildPhase section */

/* Begin PBXGroup section */
		2918DDAB2D884A4200F24DF6 = {
			isa = PBXGroup;
			children = (
				2918DDB62D884A4200F24DF6 /* Module */,
				2918DDCD2D884A4300F24DF6 /* ModuleTests */,
				2918DDD72D884A4300F24DF6 /* ModuleUITests */,
				2918DDB52D884A4200F24DF6 /* Products */,
				C4639C783199D05218F59C64 /* Pods */,
				96143AE89F0352BC9497504E /* Frameworks */,
				2918DEED2D89B43900F24DF6 /* Module-Bridging-Header.h */,
			);
			sourceTree = "<group>";
		};
		2918DDB52D884A4200F24DF6 /* Products */ = {
			isa = PBXGroup;
			children = (
				2918DDB42D884A4200F24DF6 /* Module.app */,
				2918DDCA2D884A4300F24DF6 /* ModuleTests.xctest */,
				2918DDD42D884A4300F24DF6 /* ModuleUITests.xctest */,
			);
			name = Products;
			sourceTree = "<group>";
		};
		96143AE89F0352BC9497504E /* Frameworks */ = {
			isa = PBXGroup;
			children = (
				51BE6EC79B5A8FC3535FC06F /* libPods-Module.a */,
			);
			name = Frameworks;
			sourceTree = "<group>";
		};
		C4639C783199D05218F59C64 /* Pods */ = {
			isa = PBXGroup;
			children = (
				0B310A81AFA40BBB40D87DD2 /* Pods-Module.debug.xcconfig */,
				EEA9121E03D0BCE32C95BDEB /* Pods-Module.release.xcconfig */,
			);
			path = Pods;
			sourceTree = "<group>";
		};
/* End PBXGroup section */

/* Begin PBXNativeTarget section */
		2918DDB32D884A4200F24DF6 /* Module */ = {
			isa = PBXNativeTarget;
			buildConfigurationList = 2918DDDD2D884A4300F24DF6 /* Build configuration list for PBXNativeTarget "Module" */;
			buildPhases = (
				114FC3F48096BE5712D31DC5 /* [CP] Check Pods Manifest.lock */,
				2918DDB02D884A4200F24DF6 /* Sources */,
				2918DDB12D884A4200F24DF6 /* Frameworks */,
				2918DDB22D884A4200F24DF6 /* Resources */,
				D4B08E52FE697517D10E9FAB /* [CP] Copy Pods Resources */,
			);
			buildRules = (
			);
			dependencies = (
			);
			fileSystemSynchronizedGroups = (
				2918DDB62D884A4200F24DF6 /* Module */,
			);
			name = Module;
			productName = Module;
			productReference = 2918DDB42D884A4200F24DF6 /* Module.app */;
			productType = "com.apple.product-type.application";
		};
		2918DDC92D884A4300F24DF6 /* ModuleTests */ = {
			isa = PBXNativeTarget;
			buildConfigurationList = 2918DDE22D884A4300F24DF6 /* Build configuration list for PBXNativeTarget "ModuleTests" */;
			buildPhases = (
				2918DDC62D884A4300F24DF6 /* Sources */,
				2918DDC72D884A4300F24DF6 /* Frameworks */,
				2918DDC82D884A4300F24DF6 /* Resources */,
			);
			buildRules = (
			);
			dependencies = (
				2918DDCC2D884A4300F24DF6 /* PBXTargetDependency */,
			);
			fileSystemSynchronizedGroups = (
				2918DDCD2D884A4300F24DF6 /* ModuleTests */,
			);
			name = ModuleTests;
			productName = ModuleTests;
			productReference = 2918DDCA2D884A4300F24DF6 /* ModuleTests.xctest */;
			productType = "com.apple.product-type.bundle.unit-test";
		};
		2918DDD32D884A4300F24DF6 /* ModuleUITests */ = {
			isa = PBXNativeTarget;
			buildConfigurationList = 2918DDE52D884A4300F24DF6 /* Build configuration list for PBXNativeTarget "ModuleUITests" */;
			buildPhases = (
				2918DDD02D884A4300F24DF6 /* Sources */,
				2918DDD12D884A4300F24DF6 /* Frameworks */,
				2918DDD22D884A4300F24DF6 /* Resources */,
			);
			buildRules = (
			);
			dependencies = (
				2918DDD62D884A4300F24DF6 /* PBXTargetDependency */,
			);
			fileSystemSynchronizedGroups = (
				2918DDD72D884A4300F24DF6 /* ModuleUITests */,
			);
			name = ModuleUITests;
			productName = ModuleUITests;
			productReference = 2918DDD42D884A4300F24DF6 /* ModuleUITests.xctest */;
			productType = "com.apple.product-type.bundle.ui-testing";
		};
/* End PBXNativeTarget section */

/* Begin PBXProject section */
		2918DDAC2D884A4200F24DF6 /* Project object */ = {
			isa = PBXProject;
			attributes = {
				BuildIndependentTargetsInParallel = 1;
				LastSwiftUpdateCheck = 1620;
				LastUpgradeCheck = 1620;
				TargetAttributes = {
					2918DDB32D884A4200F24DF6 = {
						CreatedOnToolsVersion = 16.2;
						LastSwiftMigration = 1620;
					};
					2918DDC92D884A4300F24DF6 = {
						CreatedOnToolsVersion = 16.2;
						TestTargetID = 2918DDB32D884A4200F24DF6;
					};
					2918DDD32D884A4300F24DF6 = {
						CreatedOnToolsVersion = 16.2;
						TestTargetID = 2918DDB32D884A4200F24DF6;
					};
				};
			};
			buildConfigurationList = 2918DDAF2D884A4200F24DF6 /* Build configuration list for PBXProject "Module" */;
			developmentRegion = en;
			hasScannedForEncodings = 0;
			knownRegions = (
				en,
				Base,
			);
			mainGroup = 2918DDAB2D884A4200F24DF6;
			minimizedProjectReferenceProxies = 1;
			preferredProjectObjectVersion = 77;
			productRefGroup = 2918DDB52D884A4200F24DF6 /* Products */;
			projectDirPath = "";
			projectRoot = "";
			targets = (
				2918DDB32D884A4200F24DF6 /* Module */,
				2918DDC92D884A4300F24DF6 /* ModuleTests */,
				2918DDD32D884A4300F24DF6 /* ModuleUITests */,
			);
		};
/* End PBXProject section */

/* Begin PBXResourcesBuildPhase section */
		2918DDB22D884A4200F24DF6 /* Resources */ = {
			isa = PBXResourcesBuildPhase;
			buildActionMask = 2147483647;
			files = (
			);
			runOnlyForDeploymentPostprocessing = 0;
		};
		2918DDC82D884A4300F24DF6 /* Resources */ = {
			isa = PBXResourcesBuildPhase;
			buildActionMask = 2147483647;
			files = (
			);
			runOnlyForDeploymentPostprocessing = 0;
		};
		2918DDD22D884A4300F24DF6 /* Resources */ = {
			isa = PBXResourcesBuildPhase;
			buildActionMask = 2147483647;
			files = (
			);
			runOnlyForDeploymentPostprocessing = 0;
		};
/* End PBXResourcesBuildPhase section */

/* Begin PBXShellScriptBuildPhase section */
		114FC3F48096BE5712D31DC5 /* [CP] Check Pods Manifest.lock */ = {
			isa = PBXShellScriptBuildPhase;
			buildActionMask = 2147483647;
			files = (
			);
			inputFileListPaths = (
			);
			inputPaths = (
				"${PODS_PODFILE_DIR_PATH}/Podfile.lock",
				"${PODS_ROOT}/Manifest.lock",
			);
			name = "[CP] Check Pods Manifest.lock";
			outputFileListPaths = (
			);
			outputPaths = (
				"$(DERIVED_FILE_DIR)/Pods-Module-checkManifestLockResult.txt",
			);
			runOnlyForDeploymentPostprocessing = 0;
			shellPath = /bin/sh;
			shellScript = "diff \"${PODS_PODFILE_DIR_PATH}/Podfile.lock\" \"${PODS_ROOT}/Manifest.lock\" > /dev/null\nif [ $? != 0 ] ; then\n    # print error to STDERR\n    echo \"error: The sandbox is not in sync with the Podfile.lock. Run 'pod install' or update your CocoaPods installation.\" >&2\n    exit 1\nfi\n# This output is used by Xcode 'outputs' to avoid re-running this script phase.\necho \"SUCCESS\" > \"${SCRIPT_OUTPUT_FILE_0}\"\n";
			showEnvVarsInLog = 0;
		};
		D4B08E52FE697517D10E9FAB /* [CP] Copy Pods Resources */ = {
			isa = PBXShellScriptBuildPhase;
			buildActionMask = 2147483647;
			files = (
			);
			inputFileListPaths = (
				"${PODS_ROOT}/Target Support Files/Pods-Module/Pods-Module-resources-${CONFIGURATION}-input-files.xcfilelist",
			);
			name = "[CP] Copy Pods Resources";
			outputFileListPaths = (
				"${PODS_ROOT}/Target Support Files/Pods-Module/Pods-Module-resources-${CONFIGURATION}-output-files.xcfilelist",
			);
			runOnlyForDeploymentPostprocessing = 0;
			shellPath = /bin/sh;
			shellScript = "\"${PODS_ROOT}/Target Support Files/Pods-Module/Pods-Module-resources.sh\"\n";
			showEnvVarsInLog = 0;
		};
/* End PBXShellScriptBuildPhase section */

/* Begin PBXSourcesBuildPhase section */
		2918DDB02D884A4200F24DF6 /* Sources */ = {
			isa = PBXSourcesBuildPhase;
			buildActionMask = 2147483647;
			files = (
			);
			runOnlyForDeploymentPostprocessing = 0;
		};
		2918DDC62D884A4300F24DF6 /* Sources */ = {
			isa = PBXSourcesBuildPhase;
			buildActionMask = 2147483647;
			files = (
			);
			runOnlyForDeploymentPostprocessing = 0;
		};
		2918DDD02D884A4300F24DF6 /* Sources */ = {
			isa = PBXSourcesBuildPhase;
			buildActionMask = 2147483647;
			files = (
			);
			runOnlyForDeploymentPostprocessing = 0;
		};
/* End PBXSourcesBuildPhase section */

/* Begin PBXTargetDependency section */
		2918DDCC2D884A4300F24DF6 /* PBXTargetDependency */ = {
			isa = PBXTargetDependency;
			target = 2918DDB32D884A4200F24DF6 /* Module */;
			targetProxy = 2918DDCB2D884A4300F24DF6 /* PBXContainerItemProxy */;
		};
		2918DDD62D884A4300F24DF6 /* PBXTargetDependency */ = {
			isa = PBXTargetDependency;
			target = 2918DDB32D884A4200F24DF6 /* Module */;
			targetProxy = 2918DDD52D884A4300F24DF6 /* PBXContainerItemProxy */;
		};
/* End PBXTargetDependency section */

/* Begin XCBuildConfiguration section */
		2918DDDE2D884A4300F24DF6 /* Debug */ = {
			isa = XCBuildConfiguration;
			baseConfigurationReference = 0B310A81AFA40BBB40D87DD2 /* Pods-Module.debug.xcconfig */;
			buildSettings = {
				ASSETCATALOG_COMPILER_APPICON_NAME = AppIcon;
				ASSETCATALOG_COMPILER_GLOBAL_ACCENT_COLOR_NAME = AccentColor;
				CLANG_ENABLE_MODULES = YES;
				CODE_SIGN_STYLE = Automatic;
				CURRENT_PROJECT_VERSION = 1;
				ENABLE_USER_SCRIPT_SANDBOXING = NO;
				GENERATE_INFOPLIST_FILE = YES;
				INFOPLIST_FILE = Module/Info.plist;
				INFOPLIST_KEY_UIApplicationSupportsIndirectInputEvents = YES;
				INFOPLIST_KEY_UILaunchStoryboardName = LaunchScreen;
				INFOPLIST_KEY_UIMainStoryboardFile = Main;
				INFOPLIST_KEY_UISupportedInterfaceOrientations_iPad = "UIInterfaceOrientationPortrait UIInterfaceOrientationPortraitUpsideDown UIInterfaceOrientationLandscapeLeft UIInterfaceOrientationLandscapeRight";
				INFOPLIST_KEY_UISupportedInterfaceOrientations_iPhone = "UIInterfaceOrientationPortrait UIInterfaceOrientationLandscapeLeft UIInterfaceOrientationLandscapeRight";
				IPHONEOS_DEPLOYMENT_TARGET = 15.6;
				LD_RUNPATH_SEARCH_PATHS = (
					"$(inherited)",
					"@executable_path/Frameworks",
				);
				MARKETING_VERSION = 1.0;
				PRODUCT_BUNDLE_IDENTIFIER = com.cgh.test.Module;
				PRODUCT_NAME = "$(TARGET_NAME)";
				SWIFT_EMIT_LOC_STRINGS = YES;
				SWIFT_OBJC_BRIDGING_HEADER = "Module-Bridging-Header.h";
				SWIFT_OPTIMIZATION_LEVEL = "-Onone";
				SWIFT_VERSION = 5.0;
				TARGETED_DEVICE_FAMILY = "1,2";
			};
			name = Debug;
		};
		2918DDDF2D884A4300F24DF6 /* Release */ = {
			isa = XCBuildConfiguration;
			baseConfigurationReference = EEA9121E03D0BCE32C95BDEB /* Pods-Module.release.xcconfig */;
			buildSettings = {
				ASSETCATALOG_COMPILER_APPICON_NAME = AppIcon;
				ASSETCATALOG_COMPILER_GLOBAL_ACCENT_COLOR_NAME = AccentColor;
				CLANG_ENABLE_MODULES = YES;
				CODE_SIGN_STYLE = Automatic;
				CURRENT_PROJECT_VERSION = 1;
				ENABLE_USER_SCRIPT_SANDBOXING = NO;
				GENERATE_INFOPLIST_FILE = YES;
				INFOPLIST_FILE = Module/Info.plist;
				INFOPLIST_KEY_UIApplicationSupportsIndirectInputEvents = YES;
				INFOPLIST_KEY_UILaunchStoryboardName = LaunchScreen;
				INFOPLIST_KEY_UIMainStoryboardFile = Main;
				INFOPLIST_KEY_UISupportedInterfaceOrientations_iPad = "UIInterfaceOrientationPortrait UIInterfaceOrientationPortraitUpsideDown UIInterfaceOrientationLandscapeLeft UIInterfaceOrientationLandscapeRight";
				INFOPLIST_KEY_UISupportedInterfaceOrientations_iPhone = "UIInterfaceOrientationPortrait UIInterfaceOrientationLandscapeLeft UIInterfaceOrientationLandscapeRight";
				IPHONEOS_DEPLOYMENT_TARGET = 15.6;
				LD_RUNPATH_SEARCH_PATHS = (
					"$(inherited)",
					"@executable_path/Frameworks",
				);
				MARKETING_VERSION = 1.0;
				PRODUCT_BUNDLE_IDENTIFIER = com.cgh.test.Module;
				PRODUCT_NAME = "$(TARGET_NAME)";
				SWIFT_EMIT_LOC_STRINGS = YES;
				SWIFT_OBJC_BRIDGING_HEADER = "Module-Bridging-Header.h";
				SWIFT_VERSION = 5.0;
				TARGETED_DEVICE_FAMILY = "1,2";
			};
			name = Release;
		};
		2918DDE02D884A4300F24DF6 /* Debug */ = {
			isa = XCBuildConfiguration;
			buildSettings = {
				ALWAYS_SEARCH_USER_PATHS = NO;
				ASSETCATALOG_COMPILER_GENERATE_SWIFT_ASSET_SYMBOL_EXTENSIONS = YES;
				CLANG_ANALYZER_NONNULL = YES;
				CLANG_ANALYZER_NUMBER_OBJECT_CONVERSION = YES_AGGRESSIVE;
				CLANG_CXX_LANGUAGE_STANDARD = "gnu++20";
				CLANG_ENABLE_MODULES = YES;
				CLANG_ENABLE_OBJC_ARC = YES;
				CLANG_ENABLE_OBJC_WEAK = YES;
				CLANG_WARN_BLOCK_CAPTURE_AUTORELEASING = YES;
				CLANG_WARN_BOOL_CONVERSION = YES;
				CLANG_WARN_COMMA = YES;
				CLANG_WARN_CONSTANT_CONVERSION = YES;
				CLANG_WARN_DEPRECATED_OBJC_IMPLEMENTATIONS = YES;
				CLANG_WARN_DIRECT_OBJC_ISA_USAGE = YES_ERROR;
				CLANG_WARN_DOCUMENTATION_COMMENTS = YES;
				CLANG_WARN_EMPTY_BODY = YES;
				CLANG_WARN_ENUM_CONVERSION = YES;
				CLANG_WARN_INFINITE_RECURSION = YES;
				CLANG_WARN_INT_CONVERSION = YES;
				CLANG_WARN_NON_LITERAL_NULL_CONVERSION = YES;
				CLANG_WARN_OBJC_IMPLICIT_RETAIN_SELF = YES;
				CLANG_WARN_OBJC_LITERAL_CONVERSION = YES;
				CLANG_WARN_OBJC_ROOT_CLASS = YES_ERROR;
				CLANG_WARN_QUOTED_INCLUDE_IN_FRAMEWORK_HEADER = YES;
				CLANG_WARN_RANGE_LOOP_ANALYSIS = YES;
				CLANG_WARN_STRICT_PROTOTYPES = YES;
				CLANG_WARN_SUSPICIOUS_MOVE = YES;
				CLANG_WARN_UNGUARDED_AVAILABILITY = YES_AGGRESSIVE;
				CLANG_WARN_UNREACHABLE_CODE = YES;
				CLANG_WARN__DUPLICATE_METHOD_MATCH = YES;
				COPY_PHASE_STRIP = NO;
				DEBUG_INFORMATION_FORMAT = dwarf;
				ENABLE_STRICT_OBJC_MSGSEND = YES;
				ENABLE_TESTABILITY = YES;
				ENABLE_USER_SCRIPT_SANDBOXING = YES;
				GCC_C_LANGUAGE_STANDARD = gnu17;
				GCC_DYNAMIC_NO_PIC = NO;
				GCC_NO_COMMON_BLOCKS = YES;
				GCC_OPTIMIZATION_LEVEL = 0;
				GCC_PREPROCESSOR_DEFINITIONS = (
					"DEBUG=1",
					"$(inherited)",
				);
				GCC_WARN_64_TO_32_BIT_CONVERSION = YES;
				GCC_WARN_ABOUT_RETURN_TYPE = YES_ERROR;
				GCC_WARN_UNDECLARED_SELECTOR = YES;
				GCC_WARN_UNINITIALIZED_AUTOS = YES_AGGRESSIVE;
				GCC_WARN_UNUSED_FUNCTION = YES;
				GCC_WARN_UNUSED_VARIABLE = YES;
				IPHONEOS_DEPLOYMENT_TARGET = 18.2;
				LOCALIZATION_PREFERS_STRING_CATALOGS = YES;
				MTL_ENABLE_DEBUG_INFO = INCLUDE_SOURCE;
				MTL_FAST_MATH = YES;
				ONLY_ACTIVE_ARCH = YES;
				SDKROOT = iphoneos;
				SWIFT_ACTIVE_COMPILATION_CONDITIONS = "DEBUG $(inherited)";
				SWIFT_OPTIMIZATION_LEVEL = "-Onone";
			};
			name = Debug;
		};
		2918DDE12D884A4300F24DF6 /* Release */ = {
			isa = XCBuildConfiguration;
			buildSettings = {
				ALWAYS_SEARCH_USER_PATHS = NO;
				ASSETCATALOG_COMPILER_GENERATE_SWIFT_ASSET_SYMBOL_EXTENSIONS = YES;
				CLANG_ANALYZER_NONNULL = YES;
				CLANG_ANALYZER_NUMBER_OBJECT_CONVERSION = YES_AGGRESSIVE;
				CLANG_CXX_LANGUAGE_STANDARD = "gnu++20";
				CLANG_ENABLE_MODULES = YES;
				CLANG_ENABLE_OBJC_ARC = YES;
				CLANG_ENABLE_OBJC_WEAK = YES;
				CLANG_WARN_BLOCK_CAPTURE_AUTORELEASING = YES;
				CLANG_WARN_BOOL_CONVERSION = YES;
				CLANG_WARN_COMMA = YES;
				CLANG_WARN_CONSTANT_CONVERSION = YES;
				CLANG_WARN_DEPRECATED_OBJC_IMPLEMENTATIONS = YES;
				CLANG_WARN_DIRECT_OBJC_ISA_USAGE = YES_ERROR;
				CLANG_WARN_DOCUMENTATION_COMMENTS = YES;
				CLANG_WARN_EMPTY_BODY = YES;
				CLANG_WARN_ENUM_CONVERSION = YES;
				CLANG_WARN_INFINITE_RECURSION = YES;
				CLANG_WARN_INT_CONVERSION = YES;
				CLANG_WARN_NON_LITERAL_NULL_CONVERSION = YES;
				CLANG_WARN_OBJC_IMPLICIT_RETAIN_SELF = YES;
				CLANG_WARN_OBJC_LITERAL_CONVERSION = YES;
				CLANG_WARN_OBJC_ROOT_CLASS = YES_ERROR;
				CLANG_WARN_QUOTED_INCLUDE_IN_FRAMEWORK_HEADER = YES;
				CLANG_WARN_RANGE_LOOP_ANALYSIS = YES;
				CLANG_WARN_STRICT_PROTOTYPES = YES;
				CLANG_WARN_SUSPICIOUS_MOVE = YES;
				CLANG_WARN_UNGUARDED_AVAILABILITY = YES_AGGRESSIVE;
				CLANG_WARN_UNREACHABLE_CODE = YES;
				CLANG_WARN__DUPLICATE_METHOD_MATCH = YES;
				COPY_PHASE_STRIP = NO;
				DEBUG_INFORMATION_FORMAT = "dwarf-with-dsym";
				ENABLE_NS_ASSERTIONS = NO;
				ENABLE_STRICT_OBJC_MSGSEND = YES;
				ENABLE_USER_SCRIPT_SANDBOXING = YES;
				GCC_C_LANGUAGE_STANDARD = gnu17;
				GCC_NO_COMMON_BLOCKS = YES;
				GCC_WARN_64_TO_32_BIT_CONVERSION = YES;
				GCC_WARN_ABOUT_RETURN_TYPE = YES_ERROR;
				GCC_WARN_UNDECLARED_SELECTOR = YES;
				GCC_WARN_UNINITIALIZED_AUTOS = YES_AGGRESSIVE;
				GCC_WARN_UNUSED_FUNCTION = YES;
				GCC_WARN_UNUSED_VARIABLE = YES;
				IPHONEOS_DEPLOYMENT_TARGET = 18.2;
				LOCALIZATION_PREFERS_STRING_CATALOGS = YES;
				MTL_ENABLE_DEBUG_INFO = NO;
				MTL_FAST_MATH = YES;
				SDKROOT = iphoneos;
				SWIFT_COMPILATION_MODE = wholemodule;
				VALIDATE_PRODUCT = YES;
			};
			name = Release;
		};
		2918DDE32D884A4300F24DF6 /* Debug */ = {
			isa = XCBuildConfiguration;
			buildSettings = {
				BUNDLE_LOADER = "$(TEST_HOST)";
				CODE_SIGN_STYLE = Automatic;
				CURRENT_PROJECT_VERSION = 1;
				GENERATE_INFOPLIST_FILE = YES;
				IPHONEOS_DEPLOYMENT_TARGET = 18.2;
				MARKETING_VERSION = 1.0;
				PRODUCT_BUNDLE_IDENTIFIER = com.cgh.test.ModuleTests;
				PRODUCT_NAME = "$(TARGET_NAME)";
				SWIFT_EMIT_LOC_STRINGS = NO;
				SWIFT_VERSION = 5.0;
				TARGETED_DEVICE_FAMILY = "1,2";
				TEST_HOST = "$(BUILT_PRODUCTS_DIR)/Module.app/$(BUNDLE_EXECUTABLE_FOLDER_PATH)/Module";
			};
			name = Debug;
		};
		2918DDE42D884A4300F24DF6 /* Release */ = {
			isa = XCBuildConfiguration;
			buildSettings = {
				BUNDLE_LOADER = "$(TEST_HOST)";
				CODE_SIGN_STYLE = Automatic;
				CURRENT_PROJECT_VERSION = 1;
				GENERATE_INFOPLIST_FILE = YES;
				IPHONEOS_DEPLOYMENT_TARGET = 18.2;
				MARKETING_VERSION = 1.0;
				PRODUCT_BUNDLE_IDENTIFIER = com.cgh.test.ModuleTests;
				PRODUCT_NAME = "$(TARGET_NAME)";
				SWIFT_EMIT_LOC_STRINGS = NO;
				SWIFT_VERSION = 5.0;
				TARGETED_DEVICE_FAMILY = "1,2";
				TEST_HOST = "$(BUILT_PRODUCTS_DIR)/Module.app/$(BUNDLE_EXECUTABLE_FOLDER_PATH)/Module";
			};
			name = Release;
		};
		2918DDE62D884A4300F24DF6 /* Debug */ = {
			isa = XCBuildConfiguration;
			buildSettings = {
				CODE_SIGN_STYLE = Automatic;
				CURRENT_PROJECT_VERSION = 1;
				GENERATE_INFOPLIST_FILE = YES;
				MARKETING_VERSION = 1.0;
				PRODUCT_BUNDLE_IDENTIFIER = com.cgh.test.ModuleUITests;
				PRODUCT_NAME = "$(TARGET_NAME)";
				SWIFT_EMIT_LOC_STRINGS = NO;
				SWIFT_VERSION = 5.0;
				TARGETED_DEVICE_FAMILY = "1,2";
				TEST_TARGET_NAME = Module;
			};
			name = Debug;
		};
		2918DDE72D884A4300F24DF6 /* Release */ = {
			isa = XCBuildConfiguration;
			buildSettings = {
				CODE_SIGN_STYLE = Automatic;
				CURRENT_PROJECT_VERSION = 1;
				GENERATE_INFOPLIST_FILE = YES;
				MARKETING_VERSION = 1.0;
				PRODUCT_BUNDLE_IDENTIFIER = com.cgh.test.ModuleUITests;
				PRODUCT_NAME = "$(TARGET_NAME)";
				SWIFT_EMIT_LOC_STRINGS = NO;
				SWIFT_VERSION = 5.0;
				TARGETED_DEVICE_FAMILY = "1,2";
				TEST_TARGET_NAME = Module;
			};
			name = Release;
		};
/* End XCBuildConfiguration section */

/* Begin XCConfigurationList section */
		2918DDAF2D884A4200F24DF6 /* Build configuration list for PBXProject "Module" */ = {
			isa = XCConfigurationList;
			buildConfigurations = (
				2918DDE02D884A4300F24DF6 /* Debug */,
				2918DDE12D884A4300F24DF6 /* Release */,
			);
			defaultConfigurationIsVisible = 0;
			defaultConfigurationName = Release;
		};
		2918DDDD2D884A4300F24DF6 /* Build configuration list for PBXNativeTarget "Module" */ = {
			isa = XCConfigurationList;
			buildConfigurations = (
				2918DDDE2D884A4300F24DF6 /* Debug */,
				2918DDDF2D884A4300F24DF6 /* Release */,
			);
			defaultConfigurationIsVisible = 0;
			defaultConfigurationName = Release;
		};
		2918DDE22D884A4300F24DF6 /* Build configuration list for PBXNativeTarget "ModuleTests" */ = {
			isa = XCConfigurationList;
			buildConfigurations = (
				2918DDE32D884A4300F24DF6 /* Debug */,
				2918DDE42D884A4300F24DF6 /* Release */,
			);
			defaultConfigurationIsVisible = 0;
			defaultConfigurationName = Release;
		};
		2918DDE52D884A4300F24DF6 /* Build configuration list for PBXNativeTarget "ModuleUITests" */ = {
			isa = XCConfigurationList;
			buildConfigurations = (
				2918DDE62D884A4300F24DF6 /* Debug */,
				2918DDE72D884A4300F24DF6 /* Release */,
			);
			defaultConfigurationIsVisible = 0;
			defaultConfigurationName = Release;
		};
/* End XCConfigurationList section */
	};
	rootObject = 2918DDAC2D884A4200F24DF6 /* Project object */;
}
